# THIS IS AN AUTOGENERATED FILE. DO NOT EDIT THIS FILE DIRECTLY.
# yarn lockfile v1


ansi-styles@^3.2.1:
  version "3.2.1"
  resolved "https://registry.npmjs.org/ansi-styles/-/ansi-styles-3.2.1.tgz"
  dependencies:
    color-convert "^1.9.0"

argparse@^1.0.7:
  version "1.0.10"
  resolved "https://registry.npmjs.org/argparse/-/argparse-1.0.10.tgz"
  dependencies:
    sprintf-js "~1.0.2"

azure-devops-node-api@^7.2.0:
  version "7.2.0"
  resolved "https://registry.npmjs.org/azure-devops-node-api/-/azure-devops-node-api-7.2.0.tgz"
  dependencies:
    os "0.1.1"
    tunnel "0.0.4"
    typed-rest-client "1.2.0"
    underscore "1.8.3"

balanced-match@^1.0.0:
  version "1.0.2"
  resolved "https://registry.npmjs.org/balanced-match/-/balanced-match-1.0.2.tgz"

boolbase@^1.0.0:
  version "1.0.0"
  resolved "https://registry.yarnpkg.com/boolbase/-/boolbase-1.0.0.tgz#68dff5fbe60c51eb37725ea9e3ed310dcc1e776e"

brace-expansion@^1.1.7:
  version "1.1.11"
  resolved "https://registry.npmjs.org/brace-expansion/-/brace-expansion-1.1.11.tgz"
  dependencies:
    balanced-match "^1.0.0"
    concat-map "0.0.1"

buffer-crc32@~0.2.3:
  version "0.2.13"
  resolved "https://registry.npmjs.org/buffer-crc32/-/buffer-crc32-0.2.13.tgz"

chalk@^2.4.2:
  version "2.4.2"
  resolved "https://registry.npmjs.org/chalk/-/chalk-2.4.2.tgz"
  dependencies:
    ansi-styles "^3.2.1"
    escape-string-regexp "^1.0.5"
    supports-color "^5.3.0"

cheerio-select@^1.3.0:
  version "1.3.0"
  resolved "https://registry.npmjs.org/cheerio-select/-/cheerio-select-1.3.0.tgz"
  dependencies:
    css-select "^4.0.0"
    css-what "^5.0.0"
    domelementtype "^2.2.0"
    domhandler "^4.1.0"
    domutils "^2.5.2"

cheerio@^1.0.0-rc.1:
  version "1.0.0-rc.6"
  resolved "https://registry.npmjs.org/cheerio/-/cheerio-1.0.0-rc.6.tgz"
  dependencies:
    cheerio-select "^1.3.0"
    dom-serializer "^1.3.1"
    domhandler "^4.1.0"
    htmlparser2 "^6.1.0"
    parse5 "^6.0.1"
    parse5-htmlparser2-tree-adapter "^6.0.1"

color-convert@^1.9.0:
  version "1.9.3"
  resolved "https://registry.npmjs.org/color-convert/-/color-convert-1.9.3.tgz"
  dependencies:
    color-name "1.1.3"

color-name@1.1.3:
  version "1.1.3"
  resolved "https://registry.npmjs.org/color-name/-/color-name-1.1.3.tgz"

commander@^6.1.0:
  version "6.2.1"
  resolved "https://registry.npmjs.org/commander/-/commander-6.2.1.tgz"

concat-map@0.0.1:
  version "0.0.1"
  resolved "https://registry.npmjs.org/concat-map/-/concat-map-0.0.1.tgz"

css-select@^4.0.0:
  version "4.0.0"
  resolved "https://registry.npmjs.org/css-select/-/css-select-4.0.0.tgz"
  dependencies:
    boolbase "^1.0.0"
    css-what "^5.0.0"
    domhandler "^4.1.0"
    domutils "^2.5.1"
    nth-check "^2.0.0"

css-what@^5.0.0:
  version "5.1.0"
  resolved "https://registry.yarnpkg.com/css-what/-/css-what-5.1.0.tgz#3f7b707aadf633baf62c2ceb8579b545bb40f7fe"

denodeify@^1.2.1:
  version "1.2.1"
  resolved "https://registry.npmjs.org/denodeify/-/denodeify-1.2.1.tgz"

dom-serializer@^1.0.1, dom-serializer@^1.3.1:
  version "1.3.1"
  resolved "https://registry.npmjs.org/dom-serializer/-/dom-serializer-1.3.1.tgz"
  dependencies:
    domelementtype "^2.0.1"
    domhandler "^4.0.0"
    entities "^2.0.0"

domelementtype@^2.0.1, domelementtype@^2.2.0:
  version "2.2.0"
  resolved "https://registry.npmjs.org/domelementtype/-/domelementtype-2.2.0.tgz"

domhandler@^4.0.0, domhandler@^4.1.0:
  version "4.1.0"
  resolved "https://registry.npmjs.org/domhandler/-/domhandler-4.1.0.tgz"
  dependencies:
    domelementtype "^2.2.0"

domutils@^2.5.1, domutils@^2.5.2:
  version "2.5.2"
  resolved "https://registry.npmjs.org/domutils/-/domutils-2.5.2.tgz"
  dependencies:
    dom-serializer "^1.0.1"
    domelementtype "^2.2.0"
    domhandler "^4.1.0"

entities@^2.0.0:
  version "2.2.0"
  resolved "https://registry.npmjs.org/entities/-/entities-2.2.0.tgz"

entities@~2.0.0:
  version "2.0.3"
  resolved "https://registry.npmjs.org/entities/-/entities-2.0.3.tgz"

escape-string-regexp@^1.0.5:
  version "1.0.5"
  resolved "https://registry.npmjs.org/escape-string-regexp/-/escape-string-regexp-1.0.5.tgz"

esprima@^4.0.0:
  version "4.0.1"
  resolved "https://registry.npmjs.org/esprima/-/esprima-4.0.1.tgz"

fd-slicer@~1.1.0:
  version "1.1.0"
  resolved "https://registry.npmjs.org/fd-slicer/-/fd-slicer-1.1.0.tgz"
  dependencies:
    pend "~1.2.0"

fs.realpath@^1.0.0:
  version "1.0.0"
  resolved "https://registry.npmjs.org/fs.realpath/-/fs.realpath-1.0.0.tgz"

glob@^7.0.6:
  version "7.1.6"
  resolved "https://registry.npmjs.org/glob/-/glob-7.1.6.tgz"
  dependencies:
    fs.realpath "^1.0.0"
    inflight "^1.0.4"
    inherits "2"
    minimatch "^3.0.4"
    once "^1.3.0"
    path-is-absolute "^1.0.0"

has-flag@^3.0.0:
  version "3.0.0"
  resolved "https://registry.npmjs.org/has-flag/-/has-flag-3.0.0.tgz"

htmlparser2@^6.1.0:
  version "6.1.0"
  resolved "https://registry.npmjs.org/htmlparser2/-/htmlparser2-6.1.0.tgz"
  dependencies:
    domelementtype "^2.0.1"
    domhandler "^4.0.0"
    domutils "^2.5.2"
    entities "^2.0.0"

inflight@^1.0.4:
  version "1.0.6"
  resolved "https://registry.npmjs.org/inflight/-/inflight-1.0.6.tgz"
  dependencies:
    once "^1.3.0"
    wrappy "1"

inherits@2:
  version "2.0.4"
  resolved "https://registry.npmjs.org/inherits/-/inherits-2.0.4.tgz"

js-yaml@^3.14.0:
  version "3.14.0"
  resolved "https://registry.npmjs.org/js-yaml/-/js-yaml-3.14.0.tgz"
  dependencies:
    argparse "^1.0.7"
    esprima "^4.0.0"

leven@^3.1.0:
  version "3.1.0"
  resolved "https://registry.npmjs.org/leven/-/leven-3.1.0.tgz"

linkify-it@^2.0.0:
  version "2.2.0"
  resolved "https://registry.npmjs.org/linkify-it/-/linkify-it-2.2.0.tgz"
  dependencies:
    uc.micro "^1.0.1"

lodash@^4.17.15:
  version "4.17.21"
  resolved "https://registry.npmjs.org/lodash/-/lodash-4.17.21.tgz"

markdown-it@^10.0.0:
  version "10.0.0"
  resolved "https://registry.npmjs.org/markdown-it/-/markdown-it-10.0.0.tgz"
  dependencies:
    argparse "^1.0.7"
    entities "~2.0.0"
    linkify-it "^2.0.0"
    mdurl "^1.0.1"
    uc.micro "^1.0.5"

mdurl@^1.0.1:
  version "1.0.1"
  resolved "https://registry.npmjs.org/mdurl/-/mdurl-1.0.1.tgz"

mime@^1.3.4:
  version "1.6.0"
  resolved "https://registry.npmjs.org/mime/-/mime-1.6.0.tgz"

minimatch@^3.0.3, minimatch@^3.0.4:
  version "3.0.4"
  resolved "https://registry.npmjs.org/minimatch/-/minimatch-3.0.4.tgz"
  dependencies:
    brace-expansion "^1.1.7"

mute-stream@~0.0.4:
  version "0.0.8"
  resolved "https://registry.npmjs.org/mute-stream/-/mute-stream-0.0.8.tgz"

nth-check@^2.0.0:
  version "2.0.1"
  resolved "https://registry.yarnpkg.com/nth-check/-/nth-check-2.0.1.tgz#2efe162f5c3da06a28959fbd3db75dbeea9f0fc2"
  dependencies:
    boolbase "^1.0.0"

once@^1.3.0:
  version "1.4.0"
  resolved "https://registry.npmjs.org/once/-/once-1.4.0.tgz"
  dependencies:
    wrappy "1"

os-homedir@^1.0.0:
  version "1.0.2"
  resolved "https://registry.npmjs.org/os-homedir/-/os-homedir-1.0.2.tgz"

os-tmpdir@^1.0.0, os-tmpdir@~1.0.1:
  version "1.0.2"
  resolved "https://registry.npmjs.org/os-tmpdir/-/os-tmpdir-1.0.2.tgz"

os@0.1.1:
  version "0.1.1"
  resolved "https://registry.npmjs.org/os/-/os-0.1.1.tgz"

osenv@^0.1.3:
  version "0.1.5"
  resolved "https://registry.npmjs.org/osenv/-/osenv-0.1.5.tgz"
  dependencies:
    os-homedir "^1.0.0"
    os-tmpdir "^1.0.0"

parse-semver@^1.1.1:
  version "1.1.1"
  resolved "https://registry.npmjs.org/parse-semver/-/parse-semver-1.1.1.tgz"
  dependencies:
    semver "^5.1.0"

parse5-htmlparser2-tree-adapter@^6.0.1:
  version "6.0.1"
  resolved "https://registry.npmjs.org/parse5-htmlparser2-tree-adapter/-/parse5-htmlparser2-tree-adapter-6.0.1.tgz"
  dependencies:
    parse5 "^6.0.1"

parse5@^6.0.1:
  version "6.0.1"
  resolved "https://registry.npmjs.org/parse5/-/parse5-6.0.1.tgz"

path-is-absolute@^1.0.0:
  version "1.0.1"
  resolved "https://registry.npmjs.org/path-is-absolute/-/path-is-absolute-1.0.1.tgz"

pend@~1.2.0:
  version "1.2.0"
  resolved "https://registry.npmjs.org/pend/-/pend-1.2.0.tgz"

read@^1.0.7:
  version "1.0.7"
  resolved "https://registry.npmjs.org/read/-/read-1.0.7.tgz"
  dependencies:
    mute-stream "~0.0.4"

semver@^5.1.0:
  version "5.7.1"
  resolved "https://registry.npmjs.org/semver/-/semver-5.7.1.tgz"

sprintf-js@~1.0.2:
  version "1.0.3"
  resolved "https://registry.npmjs.org/sprintf-js/-/sprintf-js-1.0.3.tgz"

supports-color@^5.3.0:
  version "5.5.0"
  resolved "https://registry.npmjs.org/supports-color/-/supports-color-5.5.0.tgz"
  dependencies:
    has-flag "^3.0.0"

tmp@0.0.29:
  version "0.0.29"
  resolved "https://registry.npmjs.org/tmp/-/tmp-0.0.29.tgz"
  dependencies:
    os-tmpdir "~1.0.1"

tunnel@0.0.4:
  version "0.0.4"
  resolved "https://registry.npmjs.org/tunnel/-/tunnel-0.0.4.tgz"

typed-rest-client@1.2.0:
  version "1.2.0"
  resolved "https://registry.npmjs.org/typed-rest-client/-/typed-rest-client-1.2.0.tgz"
  dependencies:
    tunnel "0.0.4"
    underscore "1.8.3"

uc.micro@^1.0.1, uc.micro@^1.0.5:
  version "1.0.6"
  resolved "https://registry.npmjs.org/uc.micro/-/uc.micro-1.0.6.tgz"

underscore@1.8.3:
  version "1.8.3"
  resolved "https://registry.npmjs.org/underscore/-/underscore-1.8.3.tgz"

url-join@^1.1.0:
  version "1.1.0"
  resolved "https://registry.npmjs.org/url-join/-/url-join-1.1.0.tgz"

vsce@^1.87.1:
  version "1.87.1"
  resolved "https://registry.npmjs.org/vsce/-/vsce-1.87.1.tgz"
  dependencies:
    azure-devops-node-api "^7.2.0"
    chalk "^2.4.2"
    cheerio "^1.0.0-rc.1"
    commander "^6.1.0"
    denodeify "^1.2.1"
    glob "^7.0.6"
    leven "^3.1.0"
    lodash "^4.17.15"
    markdown-it "^10.0.0"
    mime "^1.3.4"
    minimatch "^3.0.3"
    osenv "^0.1.3"
    parse-semver "^1.1.1"
    read "^1.0.7"
    semver "^5.1.0"
    tmp "0.0.29"
    typed-rest-client "1.2.0"
    url-join "^1.1.0"
    yauzl "^2.3.1"
    yazl "^2.2.2"

wrappy@1:
  version "1.0.2"
  resolved "https://registry.npmjs.org/wrappy/-/wrappy-1.0.2.tgz"

yauzl@^2.3.1:
  version "2.10.0"
  resolved "https://registry.npmjs.org/yauzl/-/yauzl-2.10.0.tgz"
  dependencies:
    buffer-crc32 "~0.2.3"
    fd-slicer "~1.1.0"

yazl@^2.2.2:
  version "2.5.1"
  resolved "https://registry.npmjs.org/yazl/-/yazl-2.5.1.tgz"
  dependencies:
    buffer-crc32 "~0.2.3"
